
Microsoft Visual Studio Solution File, Format Version 12.00
# Visual Studio Version 17
VisualStudioVersion = 17.0.31903.59
MinimumVisualStudioVersion = 10.0.40219.1
Project("{FAE04EC0-301F-11D3-BF4B-00C04F79EFBC}") = "Routing", "Routing\Routing.csproj", "{89E6D48D-F9A4-4FB0-B516-8B5411735238}"
EndProject
Project("{FAE04EC0-301F-11D3-BF4B-00C04F79EFBC}") = "CustomImageResult", "CustomImageResult\CustomImageResult.csproj", "{74C8B22D-4109-4331-9DC3-13CAF9164E94}"
EndProject
Project("{FAE04EC0-301F-11D3-BF4B-00C04F79EFBC}") = "Views", "Views\Views.csproj", "{740D5FBF-51DC-49F0-A8B5-8A8D7D58323F}"
EndProject
Project("{FAE04EC0-301F-11D3-BF4B-00C04F79EFBC}") = "MiddlewareDemo", "MiddlewareDemo\MiddlewareDemo.csproj", "{30FB15EE-1114-459D-B4F0-2E5F3E3012B3}"
EndProject
Project("{FAE04EC0-301F-11D3-BF4B-00C04F79EFBC}") = "MiddlewareDemo.Tests", "MiddlewareDemo.Tests\MiddlewareDemo.Tests.csproj", "{4DF08E25-15F3-44B3-9593-5BCE81D501BA}"
EndProject
Global
	GlobalSection(SolutionConfigurationPlatforms) = preSolution
		Debug|Any CPU = Debug|Any CPU
		Release|Any CPU = Release|Any CPU
	EndGlobalSection
	GlobalSection(SolutionProperties) = preSolution
		HideSolutionNode = FALSE
	EndGlobalSection
	GlobalSection(ProjectConfigurationPlatforms) = postSolution
		{89E6D48D-F9A4-4FB0-B516-8B5411735238}.Debug|Any CPU.ActiveCfg = Debug|Any CPU
		{89E6D48D-F9A4-4FB0-B516-8B5411735238}.Debug|Any CPU.Build.0 = Debug|Any CPU
		{89E6D48D-F9A4-4FB0-B516-8B5411735238}.Release|Any CPU.ActiveCfg = Release|Any CPU
		{89E6D48D-F9A4-4FB0-B516-8B5411735238}.Release|Any CPU.Build.0 = Release|Any CPU
		{74C8B22D-4109-4331-9DC3-13CAF9164E94}.Debug|Any CPU.ActiveCfg = Debug|Any CPU
		{74C8B22D-4109-4331-9DC3-13CAF9164E94}.Debug|Any CPU.Build.0 = Debug|Any CPU
		{74C8B22D-4109-4331-9DC3-13CAF9164E94}.Release|Any CPU.ActiveCfg = Release|Any CPU
		{74C8B22D-4109-4331-9DC3-13CAF9164E94}.Release|Any CPU.Build.0 = Release|Any CPU
		{740D5FBF-51DC-49F0-A8B5-8A8D7D58323F}.Debug|Any CPU.ActiveCfg = Debug|Any CPU
		{740D5FBF-51DC-49F0-A8B5-8A8D7D58323F}.Debug|Any CPU.Build.0 = Debug|Any CPU
		{740D5FBF-51DC-49F0-A8B5-8A8D7D58323F}.Release|Any CPU.ActiveCfg = Release|Any CPU
		{740D5FBF-51DC-49F0-A8B5-8A8D7D58323F}.Release|Any CPU.Build.0 = Release|Any CPU
		{30FB15EE-1114-459D-B4F0-2E5F3E3012B3}.Debug|Any CPU.ActiveCfg = Debug|Any CPU
		{30FB15EE-1114-459D-B4F0-2E5F3E3012B3}.Debug|Any CPU.Build.0 = Debug|Any CPU
		{30FB15EE-1114-459D-B4F0-2E5F3E3012B3}.Release|Any CPU.ActiveCfg = Release|Any CPU
		{30FB15EE-1114-459D-B4F0-2E5F3E3012B3}.Release|Any CPU.Build.0 = Release|Any CPU
		{4DF08E25-15F3-44B3-9593-5BCE81D501BA}.Debug|Any CPU.ActiveCfg = Debug|Any CPU
		{4DF08E25-15F3-44B3-9593-5BCE81D501BA}.Debug|Any CPU.Build.0 = Debug|Any CPU
		{4DF08E25-15F3-44B3-9593-5BCE81D501BA}.Release|Any CPU.ActiveCfg = Release|Any CPU
		{4DF08E25-15F3-44B3-9593-5BCE81D501BA}.Release|Any CPU.Build.0 = Release|Any CPU
	EndGlobalSection
EndGlobal
